// !$*UTF8*$!
{
	archiveVersion = 1;
	classes = {
	};
	objectVersion = 50;
	objects = {

/* Begin PBXBuildFile section */
		EE1D7FD42273FE8900901CDE /* mouseInput.cpp in Sources */ = {isa = PBXBuildFile; fileRef = EE1D7FD22273FE8900901CDE /* mouseInput.cpp */; };
		EE5792A2226DE29A00BB89EC /* main.cpp in Sources */ = {isa = PBXBuildFile; fileRef = EE5792A1226DE29A00BB89EC /* main.cpp */; };
		EE5792AC226DE34700BB89EC /* libGLEW.2.1.0.dylib in Frameworks */ = {isa = PBXBuildFile; fileRef = EE5792AB226DE34700BB89EC /* libGLEW.2.1.0.dylib */; };
		EE5792AE226DE36500BB89EC /* OpenGL.framework in Frameworks */ = {isa = PBXBuildFile; fileRef = EE5792AD226DE36500BB89EC /* OpenGL.framework */; };
		EE5792B3226DE94C00BB89EC /* libglfw.3.3.dylib in Frameworks */ = {isa = PBXBuildFile; fileRef = EE5792B2226DE94C00BB89EC /* libglfw.3.3.dylib */; };
		EE5792BC2270461F00BB89EC /* glm.pc in Frameworks */ = {isa = PBXBuildFile; fileRef = EE5792BB2270461F00BB89EC /* glm.pc */; };
/* End PBXBuildFile section */

/* Begin PBXCopyFilesBuildPhase section */
		EE57929C226DE29A00BB89EC /* CopyFiles */ = {
			isa = PBXCopyFilesBuildPhase;
			buildActionMask = 2147483647;
			dstPath = /usr/share/man/man1/;
			dstSubfolderSpec = 0;
			files = (
			);
			runOnlyForDeploymentPostprocessing = 1;
		};
/* End PBXCopyFilesBuildPhase section */

/* Begin PBXFileReference section */
		EE1D7FD22273FE8900901CDE /* mouseInput.cpp */ = {isa = PBXFileReference; lastKnownFileType = sourcecode.cpp.cpp; path = mouseInput.cpp; sourceTree = "<group>"; };
		EE57929E226DE29A00BB89EC /* ESC */ = {isa = PBXFileReference; explicitFileType = "compiled.mach-o.executable"; includeInIndex = 0; path = ESC; sourceTree = BUILT_PRODUCTS_DIR; };
		EE5792A1226DE29A00BB89EC /* main.cpp */ = {isa = PBXFileReference; lastKnownFileType = sourcecode.cpp.cpp; path = main.cpp; sourceTree = "<group>"; };
		EE5792AB226DE34700BB89EC /* libGLEW.2.1.0.dylib */ = {isa = PBXFileReference; lastKnownFileType = "compiled.mach-o.dylib"; name = libGLEW.2.1.0.dylib; path = ../../../../../../usr/local/Cellar/glew/2.1.0/lib/libGLEW.2.1.0.dylib; sourceTree = "<group>"; };
		EE5792AD226DE36500BB89EC /* OpenGL.framework */ = {isa = PBXFileReference; lastKnownFileType = wrapper.framework; name = OpenGL.framework; path = System/Library/Frameworks/OpenGL.framework; sourceTree = SDKROOT; };
		EE5792B2226DE94C00BB89EC /* libglfw.3.3.dylib */ = {isa = PBXFileReference; lastKnownFileType = "compiled.mach-o.dylib"; name = libglfw.3.3.dylib; path = ../../../../../../usr/local/Cellar/glfw/3.3/lib/libglfw.3.3.dylib; sourceTree = "<group>"; };
		EE5792BB2270461F00BB89EC /* glm.pc */ = {isa = PBXFileReference; lastKnownFileType = text; name = glm.pc; path = ../../../../../../usr/local/Cellar/glm/0.9.9.5/lib/pkgconfig/glm.pc; sourceTree = "<group>"; };
		EEB1AB8E227407D300CC684B /* mouseInput.hpp */ = {isa = PBXFileReference; fileEncoding = 4; lastKnownFileType = sourcecode.cpp.h; path = mouseInput.hpp; sourceTree = "<group>"; };
		EEC6A4622272FCCD00ACA7EA /* gl.log */ = {isa = PBXFileReference; fileEncoding = 4; lastKnownFileType = text; path = gl.log; sourceTree = "<group>"; };
/* End PBXFileReference section */

/* Begin PBXFrameworksBuildPhase section */
		EE57929B226DE29A00BB89EC /* Frameworks */ = {
			isa = PBXFrameworksBuildPhase;
			buildActionMask = 2147483647;
			files = (
				EE5792BC2270461F00BB89EC /* glm.pc in Frameworks */,
				EE5792B3226DE94C00BB89EC /* libglfw.3.3.dylib in Frameworks */,
				EE5792AE226DE36500BB89EC /* OpenGL.framework in Frameworks */,
				EE5792AC226DE34700BB89EC /* libGLEW.2.1.0.dylib in Frameworks */,
			);
			runOnlyForDeploymentPostprocessing = 0;
		};
/* End PBXFrameworksBuildPhase section */

/* Begin PBXGroup section */
		EE579295226DE29A00BB89EC = {
			isa = PBXGroup;
			children = (
				EE5792A0226DE29A00BB89EC /* ESC */,
				EE57929F226DE29A00BB89EC /* Products */,
				EE5792A8226DE33200BB89EC /* Frameworks */,
			);
			sourceTree = "<group>";
		};
		EE57929F226DE29A00BB89EC /* Products */ = {
			isa = PBXGroup;
			children = (
				EE57929E226DE29A00BB89EC /* ESC */,
			);
			name = Products;
			sourceTree = "<group>";
		};
		EE5792A0226DE29A00BB89EC /* ESC */ = {
			isa = PBXGroup;
			children = (
				EE5792A1226DE29A00BB89EC /* main.cpp */,
				EE1D7FD22273FE8900901CDE /* mouseInput.cpp */,
				EEB1AB8E227407D300CC684B /* mouseInput.hpp */,
				EEC6A4622272FCCD00ACA7EA /* gl.log */,
			);
			path = ESC;
			sourceTree = "<group>";
		};
		EE5792A8226DE33200BB89EC /* Frameworks */ = {
			isa = PBXGroup;
			children = (
				EE5792BB2270461F00BB89EC /* glm.pc */,
				EE5792B2226DE94C00BB89EC /* libglfw.3.3.dylib */,
				EE5792AD226DE36500BB89EC /* OpenGL.framework */,
				EE5792AB226DE34700BB89EC /* libGLEW.2.1.0.dylib */,
			);
			name = Frameworks;
			sourceTree = "<group>";
		};
/* End PBXGroup section */

/* Begin PBXNativeTarget section */
		EE57929D226DE29A00BB89EC /* ESC */ = {
			isa = PBXNativeTarget;
			buildConfigurationList = EE5792A5226DE29A00BB89EC /* Build configuration list for PBXNativeTarget "ESC" */;
			buildPhases = (
				EE57929A226DE29A00BB89EC /* Sources */,
				EE57929B226DE29A00BB89EC /* Frameworks */,
				EE57929C226DE29A00BB89EC /* CopyFiles */,
			);
			buildRules = (
			);
			dependencies = (
			);
			name = ESC;
			productName = ESC;
			productReference = EE57929E226DE29A00BB89EC /* ESC */;
			productType = "com.apple.product-type.tool";
		};
/* End PBXNativeTarget section */

/* Begin PBXProject section */
		EE579296226DE29A00BB89EC /* Project object */ = {
			isa = PBXProject;
			attributes = {
				LastUpgradeCheck = 1010;
				ORGANIZATIONNAME = Chai112;
				TargetAttributes = {
					EE57929D226DE29A00BB89EC = {
						CreatedOnToolsVersion = 10.1;
					};
				};
			};
			buildConfigurationList = EE579299226DE29A00BB89EC /* Build configuration list for PBXProject "ESC" */;
			compatibilityVersion = "Xcode 9.3";
			developmentRegion = en;
			hasScannedForEncodings = 0;
			knownRegions = (
				en,
			);
			mainGroup = EE579295226DE29A00BB89EC;
			productRefGroup = EE57929F226DE29A00BB89EC /* Products */;
			projectDirPath = "";
			projectRoot = "";
			targets = (
				EE57929D226DE29A00BB89EC /* ESC */,
			);
		};
/* End PBXProject section */

/* Begin PBXSourcesBuildPhase section */
		EE57929A226DE29A00BB89EC /* Sources */ = {
			isa = PBXSourcesBuildPhase;
			buildActionMask = 2147483647;
			files = (
				EE1D7FD42273FE8900901CDE /* mouseInput.cpp in Sources */,
				EE5792A2226DE29A00BB89EC /* main.cpp in Sources */,
			);
			runOnlyForDeploymentPostprocessing = 0;
		};
/* End PBXSourcesBuildPhase section */

/* Begin XCBuildConfiguration section */
		EE5792A3226DE29A00BB89EC /* Debug */ = {
			isa = XCBuildConfiguration;
			buildSettings = {
				ALWAYS_SEARCH_USER_PATHS = YES;
				CLANG_ANALYZER_NONNULL = YES;
				CLANG_ANALYZER_NUMBER_OBJECT_CONVERSION = YES_AGGRESSIVE;
				CLANG_CXX_LANGUAGE_STANDARD = "gnu++14";
				CLANG_CXX_LIBRARY = "libc++";
				CLANG_ENABLE_MODULES = YES;
				CLANG_ENABLE_OBJC_ARC = YES;
				CLANG_ENABLE_OBJC_WEAK = YES;
				CLANG_WARN_BLOCK_CAPTURE_AUTORELEASING = YES;
				CLANG_WARN_BOOL_CONVERSION = YES;
				CLANG_WARN_COMMA = YES;
				CLANG_WARN_CONSTANT_CONVERSION = YES;
				CLANG_WARN_DEPRECATED_OBJC_IMPLEMENTATIONS = YES;
				CLANG_WARN_DIRECT_OBJC_ISA_USAGE = YES_ERROR;
				CLANG_WARN_DOCUMENTATION_COMMENTS = YES;
				CLANG_WARN_EMPTY_BODY = YES;
				CLANG_WARN_ENUM_CONVERSION = YES;
				CLANG_WARN_INFINITE_RECURSION = YES;
				CLANG_WARN_INT_CONVERSION = YES;
				CLANG_WARN_NON_LITERAL_NULL_CONVERSION = YES;
				CLANG_WARN_OBJC_IMPLICIT_RETAIN_SELF = YES;
				CLANG_WARN_OBJC_LITERAL_CONVERSION = YES;
				CLANG_WARN_OBJC_ROOT_CLASS = YES_ERROR;
				CLANG_WARN_RANGE_LOOP_ANALYSIS = YES;
				CLANG_WARN_STRICT_PROTOTYPES = YES;
				CLANG_WARN_SUSPICIOUS_MOVE = YES;
				CLANG_WARN_UNGUARDED_AVAILABILITY = YES_AGGRESSIVE;
				CLANG_WARN_UNREACHABLE_CODE = YES;
				CLANG_WARN__DUPLICATE_METHOD_MATCH = YES;
				CODE_SIGN_IDENTITY = "-";
				COPY_PHASE_STRIP = NO;
				DEBUG_INFORMATION_FORMAT = dwarf;
				ENABLE_STRICT_OBJC_MSGSEND = YES;
				ENABLE_TESTABILITY = YES;
				GCC_C_LANGUAGE_STANDARD = gnu11;
				GCC_DYNAMIC_NO_PIC = NO;
				GCC_NO_COMMON_BLOCKS = YES;
				GCC_OPTIMIZATION_LEVEL = 0;
				GCC_PREPROCESSOR_DEFINITIONS = (
					"DEBUG=1",
					"$(inherited)",
				);
				GCC_WARN_64_TO_32_BIT_CONVERSION = YES;
				GCC_WARN_ABOUT_RETURN_TYPE = YES_ERROR;
				GCC_WARN_UNDECLARED_SELECTOR = YES;
				GCC_WARN_UNINITIALIZED_AUTOS = YES_AGGRESSIVE;
				GCC_WARN_UNUSED_FUNCTION = YES;
				GCC_WARN_UNUSED_VARIABLE = YES;
				HEADER_SEARCH_PATHS = "/usr/local/include/**";
				MACOSX_DEPLOYMENT_TARGET = 10.14;
				MTL_ENABLE_DEBUG_INFO = INCLUDE_SOURCE;
				MTL_FAST_MATH = YES;
				ONLY_ACTIVE_ARCH = YES;
				SDKROOT = macosx;
			};
			name = Debug;
		};
		EE5792A4226DE29A00BB89EC /* Release */ = {
			isa = XCBuildConfiguration;
			buildSettings = {
				ALWAYS_SEARCH_USER_PATHS = YES;
				CLANG_ANALYZER_NONNULL = YES;
				CLANG_ANALYZER_NUMBER_OBJECT_CONVERSION = YES_AGGRESSIVE;
				CLANG_CXX_LANGUAGE_STANDARD = "gnu++14";
				CLANG_CXX_LIBRARY = "libc++";
				CLANG_ENABLE_MODULES = YES;
				CLANG_ENABLE_OBJC_ARC = YES;
				CLANG_ENABLE_OBJC_WEAK = YES;
				CLANG_WARN_BLOCK_CAPTURE_AUTORELEASING = YES;
				CLANG_WARN_BOOL_CONVERSION = YES;
				CLANG_WARN_COMMA = YES;
				CLANG_WARN_CONSTANT_CONVERSION = YES;
				CLANG_WARN_DEPRECATED_OBJC_IMPLEMENTATIONS = YES;
				CLANG_WARN_DIRECT_OBJC_ISA_USAGE = YES_ERROR;
				CLANG_WARN_DOCUMENTATION_COMMENTS = YES;
				CLANG_WARN_EMPTY_BODY = YES;
				CLANG_WARN_ENUM_CONVERSION = YES;
				CLANG_WARN_INFINITE_RECURSION = YES;
				CLANG_WARN_INT_CONVERSION = YES;
				CLANG_WARN_NON_LITERAL_NULL_CONVERSION = YES;
				CLANG_WARN_OBJC_IMPLICIT_RETAIN_SELF = YES;
				CLANG_WARN_OBJC_LITERAL_CONVERSION = YES;
				CLANG_WARN_OBJC_ROOT_CLASS = YES_ERROR;
				CLANG_WARN_RANGE_LOOP_ANALYSIS = YES;
				CLANG_WARN_STRICT_PROTOTYPES = YES;
				CLANG_WARN_SUSPICIOUS_MOVE = YES;
				CLANG_WARN_UNGUARDED_AVAILABILITY = YES_AGGRESSIVE;
				CLANG_WARN_UNREACHABLE_CODE = YES;
				CLANG_WARN__DUPLICATE_METHOD_MATCH = YES;
				CODE_SIGN_IDENTITY = "-";
				COPY_PHASE_STRIP = NO;
				DEBUG_INFORMATION_FORMAT = "dwarf-with-dsym";
				ENABLE_NS_ASSERTIONS = NO;
				ENABLE_STRICT_OBJC_MSGSEND = YES;
				GCC_C_LANGUAGE_STANDARD = gnu11;
				GCC_NO_COMMON_BLOCKS = YES;
				GCC_WARN_64_TO_32_BIT_CONVERSION = YES;
				GCC_WARN_ABOUT_RETURN_TYPE = YES_ERROR;
				GCC_WARN_UNDECLARED_SELECTOR = YES;
				GCC_WARN_UNINITIALIZED_AUTOS = YES_AGGRESSIVE;
				GCC_WARN_UNUSED_FUNCTION = YES;
				GCC_WARN_UNUSED_VARIABLE = YES;
				HEADER_SEARCH_PATHS = "/usr/local/include/**";
				MACOSX_DEPLOYMENT_TARGET = 10.14;
				MTL_ENABLE_DEBUG_INFO = NO;
				MTL_FAST_MATH = YES;
				SDKROOT = macosx;
			};
			name = Release;
		};
		EE5792A6226DE29A00BB89EC /* Debug */ = {
			isa = XCBuildConfiguration;
			buildSettings = {
				CODE_SIGN_STYLE = Automatic;
				LIBRARY_SEARCH_PATHS = (
					"$(inherited)",
					/usr/local/Cellar/glfw/3.3/lib,
					/usr/local/Cellar/glew/2.1.0/lib,
				);
				PRODUCT_NAME = "$(TARGET_NAME)";
			};
			name = Debug;
		};
		EE5792A7226DE29A00BB89EC /* Release */ = {
			isa = XCBuildConfiguration;
			buildSettings = {
				CODE_SIGN_STYLE = Automatic;
				LIBRARY_SEARCH_PATHS = (
					"$(inherited)",
					/usr/local/Cellar/glfw/3.3/lib,
					/usr/local/Cellar/glew/2.1.0/lib,
				);
				PRODUCT_NAME = "$(TARGET_NAME)";
			};
			name = Release;
		};
/* End XCBuildConfiguration section */

/* Begin XCConfigurationList section */
		EE579299226DE29A00BB89EC /* Build configuration list for PBXProject "ESC" */ = {
			isa = XCConfigurationList;
			buildConfigurations = (
				EE5792A3226DE29A00BB89EC /* Debug */,
				EE5792A4226DE29A00BB89EC /* Release */,
			);
			defaultConfigurationIsVisible = 0;
			defaultConfigurationName = Release;
		};
		EE5792A5226DE29A00BB89EC /* Build configuration list for PBXNativeTarget "ESC" */ = {
			isa = XCConfigurationList;
			buildConfigurations = (
				EE5792A6226DE29A00BB89EC /* Debug */,
				EE5792A7226DE29A00BB89EC /* Release */,
			);
			defaultConfigurationIsVisible = 0;
			defaultConfigurationName = Release;
		};
/* End XCConfigurationList section */
	};
	rootObject = EE579296226DE29A00BB89EC /* Project object */;
}
